github.com/RobinUS2/golang-moving-average v1.0.0 h1:PD7DDZNt+UFb9XlsBbTIu/DtXqqaD/MD86DYnk3mwvA=
github.com/RobinUS2/golang-moving-average v1.0.0/go.mod h1:MdzhY+KoEvi+OBygTPH0OSaKrOJzvILWN2SPQzaKVsY=
github.com/veandco/go-sdl2 v0.4.8 h1:A26KeX6R1CGt/BQGEov6oxYmVGMMEWDVqTvK1tXvahE=
github.com/veandco/go-sdl2 v0.4.8/go.mod h1:OROqMhHD43nT4/i9crJukyVecjPNYYuCofep6SNiAjY=
